
Microsoft Visual Studio Solution File, Format Version 12.00
Project("{FAE04EC0-301F-11D3-BF4B-00C04F79EFBC}") = "webapi-cshap", "webapi-cshap\webapi-cshap.csproj", "{CEF9CB03-7E52-41CD-912B-2279F250D663}"
EndProject
Global
	GlobalSection(SolutionConfigurationPlatforms) = preSolution
		Debug|Any CPU = Debug|Any CPU
		Release|Any CPU = Release|Any CPU
	EndGlobalSection
	GlobalSection(ProjectConfigurationPlatforms) = postSolution
		{CEF9CB03-7E52-41CD-912B-2279F250D663}.Debug|Any CPU.ActiveCfg = Debug|Any CPU
		{CEF9CB03-7E52-41CD-912B-2279F250D663}.Debug|Any CPU.Build.0 = Debug|Any CPU
		{CEF9CB03-7E52-41CD-912B-2279F250D663}.Release|Any CPU.ActiveCfg = Release|Any CPU
		{CEF9CB03-7E52-41CD-912B-2279F250D663}.Release|Any CPU.Build.0 = Release|Any CPU
	EndGlobalSection
EndGlobal
